# @generated - this file is auto-generated by `mise lock` https://mise.jdx.dev/dev-tools/mise-lock.html

[[tools.awscli]]
version = "2.36.14"
backend = "aqua:aws/aws-cli"

[tools.awscli."platforms.linux-arm64"]
url = "https://awscli.amazonaws.com/awscli-exe-linux-aarch64-2.36.14.zip"

[tools.awscli."platforms.linux-x64"]
url = "https://awscli.amazonaws.com/awscli-exe-linux-x86_64-2.36.14.zip"

[tools.awscli."platforms.macos-arm64"]
url = "https://awscli.amazonaws.com/AWSCLIV2-2.36.14.pkg"

[tools.awscli."platforms.macos-x64"]
url = "https://awscli.amazonaws.com/AWSCLIV2-2.36.14.pkg"

[[tools.gh]]
version = "2.96.0"
backend = "aqua:cli/cli"

[tools.gh."platforms.linux-arm64"]
checksum = "sha256:06f86ec7103d41993b76cd78072f43595c34aaa56506d971d9860e67140bf909"
url = "https://github.com/cli/cli/releases/download/v2.96.0/gh_2.96.0_linux_arm64.tar.gz"
url_api = "https://api.github.com/repos/cli/cli/releases/assets/464728549"
provenance = "github-attestations"

[tools.gh."platforms.linux-x64"]
checksum = "sha256:83d5c2ccad5498f58bf6368acb1ab32588cf43ab3a4b1c301bf36328b1c8bd60"
url = "https://github.com/cli/cli/releases/download/v2.96.0/gh_2.96.0_linux_amd64.tar.gz"
url_api = "https://api.github.com/repos/cli/cli/releases/assets/464728543"
provenance = "github-attestations"

[tools.gh."platforms.macos-arm64"]
checksum = "sha256:f23a0c37d963aacc3bed703ccbd59b41c5ca22101fab7f00eb2b7cad23aba463"
url = "https://github.com/cli/cli/releases/download/v2.96.0/gh_2.96.0_macOS_arm64.zip"
url_api = "https://api.github.com/repos/cli/cli/releases/assets/464728562"
provenance = "github-attestations"

[tools.gh."platforms.macos-x64"]
checksum = "sha256:4bd449df9ad639391bc62b8032546f0fe9edcd8526e06682a4f88abd8c5d163c"
url = "https://github.com/cli/cli/releases/download/v2.96.0/gh_2.96.0_macOS_amd64.zip"
url_api = "https://api.github.com/repos/cli/cli/releases/assets/464728560"
provenance = "github-attestations"

[[tools."github:zzet/gortex"]]
version = "0.61.4"
backend = "github:zzet/gortex"

[tools."github:zzet/gortex"."platforms.linux-arm64"]
checksum = "sha256:9f140ea3b0003b24523d7c4acec99f8d983c20db92dc2a16a4f64afea00302ef"
url = "https://github.com/zzet/gortex/releases/download/v0.61.4/gortex_linux_arm64.tar.gz"
url_api = "https://api.github.com/repos/zzet/gortex/releases/assets/489753433"

[tools."github:zzet/gortex"."platforms.linux-arm64".provenance.slsa]
url = "https://github.com/zzet/gortex/releases/download/v0.61.4/multiple.intoto.jsonl"

[tools."github:zzet/gortex"."platforms.linux-x64"]
checksum = "sha256:42f62603c6227fad032fe9b92207a36b47b658dc3ab63c9abc957dc88c4afa2e"
url = "https://github.com/zzet/gortex/releases/download/v0.61.4/gortex_linux_amd64.tar.gz"
url_api = "https://api.github.com/repos/zzet/gortex/releases/assets/489753437"

[tools."github:zzet/gortex"."platforms.linux-x64".provenance.slsa]
url = "https://github.com/zzet/gortex/releases/download/v0.61.4/multiple.intoto.jsonl"

[tools."github:zzet/gortex"."platforms.macos-arm64"]
checksum = "sha256:9e2c61e7d588aed5a62dce69872bf3ba97561c6d7ade85a8b59a8aa5b68d3342"
url = "https://github.com/zzet/gortex/releases/download/v0.61.4/gortex_darwin_arm64.tar.gz"
url_api = "https://api.github.com/repos/zzet/gortex/releases/assets/489754469"
provenance_verified = true

[tools."github:zzet/gortex"."platforms.macos-arm64".provenance.slsa]
url = "https://github.com/zzet/gortex/releases/download/v0.61.4/multiple.intoto.jsonl"

[tools."github:zzet/gortex"."platforms.macos-x64"]
checksum = "sha256:cd0a264fd565c65d5aa5b88c9ecd28702d7751aa19c815d74ffb0617e52fd64f"
url = "https://github.com/zzet/gortex/releases/download/v0.61.4/gortex_darwin_amd64.tar.gz"
url_api = "https://api.github.com/repos/zzet/gortex/releases/assets/489754474"

[tools."github:zzet/gortex"."platforms.macos-x64".provenance.slsa]
url = "https://github.com/zzet/gortex/releases/download/v0.61.4/multiple.intoto.jsonl"

[[tools.gitleaks]]
version = "8.30.1"
backend = "aqua:gitleaks/gitleaks"

[tools.gitleaks."platforms.linux-arm64"]
checksum = "sha256:e4a487ee7ccd7d3a7f7ec08657610aa3606637dab924210b3aee62570fb4b080"
url = "https://github.com/gitleaks/gitleaks/releases/download/v8.30.1/gitleaks_8.30.1_linux_arm64.tar.gz"
url_api = "https://api.github.com/repos/gitleaks/gitleaks/releases/assets/378332057"

[tools.gitleaks."platforms.linux-x64"]
checksum = "sha256:551f6fc83ea457d62a0d98237cbad105af8d557003051f41f3e7ca7b3f2470eb"
url = "https://github.com/gitleaks/gitleaks/releases/download/v8.30.1/gitleaks_8.30.1_linux_x64.tar.gz"
url_api = "https://api.github.com/repos/gitleaks/gitleaks/releases/assets/378332058"

[tools.gitleaks."platforms.macos-arm64"]
checksum = "sha256:b40ab0ae55c505963e365f271a8d3846efbc170aa17f2607f13df610a9aeb6a5"
url = "https://github.com/gitleaks/gitleaks/releases/download/v8.30.1/gitleaks_8.30.1_darwin_arm64.tar.gz"
url_api = "https://api.github.com/repos/gitleaks/gitleaks/releases/assets/378332059"

[tools.gitleaks."platforms.macos-x64"]
checksum = "sha256:dfe101a4db2255fc85120ac7f3d25e4342c3c20cf749f2c20a18081af1952709"
url = "https://github.com/gitleaks/gitleaks/releases/download/v8.30.1/gitleaks_8.30.1_darwin_x64.tar.gz"
url_api = "https://api.github.com/repos/gitleaks/gitleaks/releases/assets/378332053"

[[tools.java]]
version = "graalvm-community-21.0.2"
backend = "core:java"

[tools.java."platforms.linux-arm64"]
checksum = "sha256:a34be691ce68f0acf4655c7c6c63a9a49ed276a11859d7224fd94fc2f657cd7a"
url = "https://github.com/graalvm/graalvm-ce-builds/releases/download/jdk-21.0.2/graalvm-community-jdk-21.0.2_linux-aarch64_bin.tar.gz"

[tools.java."platforms.linux-x64"]
checksum = "sha256:b048069aaa3a99b84f5b957b162cc181a32a4330cbc35402766363c5be76ae48"
url = "https://github.com/graalvm/graalvm-ce-builds/releases/download/jdk-21.0.2/graalvm-community-jdk-21.0.2_linux-x64_bin.tar.gz"

[tools.java."platforms.macos-arm64"]
checksum = "sha256:515e3a93acc7e1938daba83eda4272e5495fd302d7cdd99ec7ebf408ed505ab7"
url = "https://github.com/graalvm/graalvm-ce-builds/releases/download/jdk-21.0.2/graalvm-community-jdk-21.0.2_macos-aarch64_bin.tar.gz"

[tools.java."platforms.macos-x64"]
checksum = "sha256:7a8aa93fa45d1721908477abf4732a32637d420ffcb66ada9fb6456440b0d9e1"
url = "https://github.com/graalvm/graalvm-ce-builds/releases/download/jdk-21.0.2/graalvm-community-jdk-21.0.2_macos-x64_bin.tar.gz"

[[tools.node]]
version = "24.18.1"
backend = "core:node"

[tools.node."platforms.linux-arm64"]
checksum = "sha256:df224555a083b918e46260cc969838501b9f9a87140c1195e5b9597b56d5dae2"
url = "https://nodejs.org/dist/v24.18.1/node-v24.18.1-linux-arm64.tar.gz"

[tools.node."platforms.linux-x64"]
checksum = "sha256:9f5eb6ac21845a66c493c91a253b1da32fd684e89e9b7202d4936982336be4ca"
url = "https://nodejs.org/dist/v24.18.1/node-v24.18.1-linux-x64.tar.gz"

[tools.node."platforms.macos-arm64"]
checksum = "sha256:eb02f7fab96d3d67de40c5ec8566096fcb4c2026728787683ae5a97eb612b941"
url = "https://nodejs.org/dist/v24.18.1/node-v24.18.1-darwin-arm64.tar.gz"

[tools.node."platforms.macos-x64"]
checksum = "sha256:6fb20fceacbb157c2f95825b80df4a454a0f6d81cdcd7bb81eeae9147e0e76ec"
url = "https://nodejs.org/dist/v24.18.1/node-v24.18.1-darwin-x64.tar.gz"

[[tools.opencode]]
version = "1.18.10"
backend = "aqua:anomalyco/opencode"

[tools.opencode."platforms.linux-arm64"]
checksum = "sha256:41ae3041e91b894e4c0dc06a73a9a2796254bf390ffb99626a43af5e2912d170"
url = "https://github.com/anomalyco/opencode/releases/download/v1.18.10/opencode-linux-arm64.tar.gz"
url_api = "https://api.github.com/repos/anomalyco/opencode/releases/assets/495455828"

[tools.opencode."platforms.linux-x64"]
checksum = "sha256:6b1113da704253fb4da12b41e4236acecb9f2b62949c945f6eeacaa15111b976"
url = "https://github.com/anomalyco/opencode/releases/download/v1.18.10/opencode-linux-x64.tar.gz"
url_api = "https://api.github.com/repos/anomalyco/opencode/releases/assets/495455789"

[tools.opencode."platforms.macos-arm64"]
checksum = "sha256:641fe2e65e42db76c2d32db5f85573c3682a8c72f82d01568a922a8feccc4658"
url = "https://github.com/anomalyco/opencode/releases/download/v1.18.10/opencode-darwin-arm64.zip"
url_api = "https://api.github.com/repos/anomalyco/opencode/releases/assets/495455691"

[tools.opencode."platforms.macos-x64"]
checksum = "sha256:b2d9e161b3c6f398ab8a21a129455550c7b79b68579bb542dbc986f10b084ae4"
url = "https://github.com/anomalyco/opencode/releases/download/v1.18.10/opencode-darwin-x64.zip"
url_api = "https://api.github.com/repos/anomalyco/opencode/releases/assets/495455685"

[[tools.python]]
version = "3.14.6"
backend = "core:python"

[tools.python."platforms.linux-arm64"]
checksum = "sha256:44f86d58f3bbc1aa6c95ee90f03226e0fdbd22475a98c4410e5a20042b7f40d3"
url = "https://github.com/astral-sh/python-build-standalone/releases/download/20260728/cpython-3.14.6+20260728-aarch64-unknown-linux-gnu-install_only_stripped.tar.gz"
provenance = "github-attestations"

[tools.python."platforms.linux-x64"]
checksum = "sha256:d6254462d5fe066810a472d286861f6a18f66400008bfa9688e202a5672e88cb"
url = "https://github.com/astral-sh/python-build-standalone/releases/download/20260728/cpython-3.14.6+20260728-x86_64-unknown-linux-gnu-install_only_stripped.tar.gz"
provenance = "github-attestations"

[tools.python."platforms.macos-arm64"]
checksum = "sha256:f4b47659e2da4b97f38cefdf5ad19f0042946099d843cde60de308708e5b1ac5"
url = "https://github.com/astral-sh/python-build-standalone/releases/download/20260728/cpython-3.14.6+20260728-aarch64-apple-darwin-install_only_stripped.tar.gz"
provenance = "github-attestations"

[tools.python."platforms.macos-x64"]
checksum = "sha256:00a22363402a1a15d4fb1327c8259a91118258d5463d10a97d3e56c1f18195f6"
url = "https://github.com/astral-sh/python-build-standalone/releases/download/20260728/cpython-3.14.6+20260728-x86_64-apple-darwin-install_only_stripped.tar.gz"
provenance = "github-attestations"

[[tools.rtk]]
version = "0.44.1"
backend = "aqua:rtk-ai/rtk"

[tools.rtk."platforms.linux-arm64"]
checksum = "sha256:ce97a94dbda556125fdbb22c94f538f93ae7dbc2b3de6f497bd60f206959c11c"
url = "https://github.com/rtk-ai/rtk/releases/download/v0.44.1/rtk-aarch64-unknown-linux-gnu.tar.gz"
url_api = "https://api.github.com/repos/rtk-ai/rtk/releases/assets/492781819"

[tools.rtk."platforms.linux-x64"]
checksum = "sha256:986f29704469b3d1051e2474105c6c75ab8b73651068dcd61612c1fb3938ad95"
url = "https://github.com/rtk-ai/rtk/releases/download/v0.44.1/rtk-x86_64-unknown-linux-musl.tar.gz"
url_api = "https://api.github.com/repos/rtk-ai/rtk/releases/assets/492781820"

[tools.rtk."platforms.macos-arm64"]
checksum = "sha256:a6a8bb086034a5d4f90ff93f965a631ad4937b5974494dd8a51859e3b04908a8"
url = "https://github.com/rtk-ai/rtk/releases/download/v0.44.1/rtk-aarch64-apple-darwin.tar.gz"
url_api = "https://api.github.com/repos/rtk-ai/rtk/releases/assets/492781823"

[tools.rtk."platforms.macos-x64"]
checksum = "sha256:52475adf4659e95b3560eac117e13bc6ab3320de8b8ce75ba4e7d5f3604613cf"
url = "https://github.com/rtk-ai/rtk/releases/download/v0.44.1/rtk-x86_64-apple-darwin.tar.gz"
url_api = "https://api.github.com/repos/rtk-ai/rtk/releases/assets/492781822"

[[tools.uv]]
version = "0.12.0"
backend = "aqua:astral-sh/uv"

[tools.uv."platforms.linux-arm64"]
checksum = "sha256:936fbbf20188a2b1c66bce3dca3f4009a5c9cdf12bb2bbd084e71926f75d6a15"
url = "https://github.com/astral-sh/uv/releases/download/0.12.0/uv-aarch64-unknown-linux-musl.tar.gz"
url_api = "https://api.github.com/repos/astral-sh/uv/releases/assets/493071360"
provenance = "github-attestations"

[tools.uv."platforms.linux-x64"]
checksum = "sha256:3340a9d8cffc4d801bc1a7459ebfaf5790c79400720d9b6963d806f058526684"
url = "https://github.com/astral-sh/uv/releases/download/0.12.0/uv-x86_64-unknown-linux-musl.tar.gz"
url_api = "https://api.github.com/repos/astral-sh/uv/releases/assets/493071451"
provenance = "github-attestations"

[tools.uv."platforms.macos-arm64"]
checksum = "sha256:2b9e582af54f84fa50c115427451a6c13e80f43b52f8282b8af5791077317bbf"
url = "https://github.com/astral-sh/uv/releases/download/0.12.0/uv-aarch64-apple-darwin.tar.gz"
url_api = "https://api.github.com/repos/astral-sh/uv/releases/assets/493071342"
provenance = "github-attestations"

[tools.uv."platforms.macos-x64"]
checksum = "sha256:d41593beaefc54bab7d062af0ef6ca093bfb81d001d58ebbef39e44423f9c496"
url = "https://github.com/astral-sh/uv/releases/download/0.12.0/uv-x86_64-apple-darwin.tar.gz"
url_api = "https://api.github.com/repos/astral-sh/uv/releases/assets/493071438"
provenance = "github-attestations"
